
Microsoft Visual Studio Solution File, Format Version 12.00
# Visual Studio Version 17
VisualStudioVersion = 17.10.35013.160
MinimumVisualStudioVersion = 10.0.40219.1
Project("{8BC9CEB8-8B4A-11D0-8D11-00A0C91BC942}") = "fangli_io03test", "MFCApplication1\MFCApplication1.vcxproj", "{E8F82A81-3FDB-4275-8555-1314B6953506}"
EndProject
Global
	GlobalSection(SolutionConfigurationPlatforms) = preSolution
		Debug|x64 = Debug|x64
		Debug|x86 = Debug|x86
		dll|x64 = dll|x64
		dll|x86 = dll|x86
		lib|x64 = lib|x64
		lib|x86 = lib|x86
	EndGlobalSection
	GlobalSection(ProjectConfigurationPlatforms) = postSolution
		{E8F82A81-3FDB-4275-8555-1314B6953506}.Debug|x64.ActiveCfg = Debug|x64
		{E8F82A81-3FDB-4275-8555-1314B6953506}.Debug|x64.Build.0 = Debug|x64
		{E8F82A81-3FDB-4275-8555-1314B6953506}.Debug|x86.ActiveCfg = Debug|Win32
		{E8F82A81-3FDB-4275-8555-1314B6953506}.Debug|x86.Build.0 = Debug|Win32
		{E8F82A81-3FDB-4275-8555-1314B6953506}.dll|x64.ActiveCfg = Release_dll|x64
		{E8F82A81-3FDB-4275-8555-1314B6953506}.dll|x64.Build.0 = Release_dll|x64
		{E8F82A81-3FDB-4275-8555-1314B6953506}.dll|x86.ActiveCfg = Release_dll|Win32
		{E8F82A81-3FDB-4275-8555-1314B6953506}.dll|x86.Build.0 = Release_dll|Win32
		{E8F82A81-3FDB-4275-8555-1314B6953506}.lib|x64.ActiveCfg = Release_lib|x64
		{E8F82A81-3FDB-4275-8555-1314B6953506}.lib|x64.Build.0 = Release_lib|x64
		{E8F82A81-3FDB-4275-8555-1314B6953506}.lib|x86.ActiveCfg = Release_lib|Win32
		{E8F82A81-3FDB-4275-8555-1314B6953506}.lib|x86.Build.0 = Release_lib|Win32
	EndGlobalSection
	GlobalSection(SolutionProperties) = preSolution
		HideSolutionNode = FALSE
	EndGlobalSection
	GlobalSection(ExtensibilityGlobals) = postSolution
		SolutionGuid = {1308B607-BA40-446B-BD09-D87E31E72ECD}
	EndGlobalSection
EndGlobal
